// !$*UTF8*$!
{
	archiveVersion = 1;
	classes = {
	};
	objectVersion = 50;
	objects = {

/* Begin PBXBuildFile section */
		33D815C521626984006042C4 /* AppDelegate.swift in Sources */ = {isa = PBXBuildFile; fileRef = 33D815C421626984006042C4 /* AppDelegate.swift */; };
		33D815C721626984006042C4 /* ViewController.swift in Sources */ = {isa = PBXBuildFile; fileRef = 33D815C621626984006042C4 /* ViewController.swift */; };
		33D815CA21626984006042C4 /* Main.storyboard in Resources */ = {isa = PBXBuildFile; fileRef = 33D815C821626984006042C4 /* Main.storyboard */; };
		33D815CC21626985006042C4 /* Assets.xcassets in Resources */ = {isa = PBXBuildFile; fileRef = 33D815CB21626985006042C4 /* Assets.xcassets */; };
		33D815CF21626985006042C4 /* LaunchScreen.storyboard in Resources */ = {isa = PBXBuildFile; fileRef = 33D815CD21626985006042C4 /* LaunchScreen.storyboard */; };
		33D815DA21626985006042C4 /* _DTouchTemplateTests.swift in Sources */ = {isa = PBXBuildFile; fileRef = 33D815D921626985006042C4 /* _DTouchTemplateTests.swift */; };
		33D815E521626985006042C4 /* _DTouchTemplateUITests.swift in Sources */ = {isa = PBXBuildFile; fileRef = 33D815E421626985006042C4 /* _DTouchTemplateUITests.swift */; };
/* End PBXBuildFile section */

/* Begin PBXContainerItemProxy section */
		33D815D621626985006042C4 /* PBXContainerItemProxy */ = {
			isa = PBXContainerItemProxy;
			containerPortal = 33D815B921626984006042C4 /* Project object */;
			proxyType = 1;
			remoteGlobalIDString = 33D815C021626984006042C4;
			remoteInfo = 3DTouchTemplate;
		};
		33D815E121626985006042C4 /* PBXContainerItemProxy */ = {
			isa = PBXContainerItemProxy;
			containerPortal = 33D815B921626984006042C4 /* Project object */;
			proxyType = 1;
			remoteGlobalIDString = 33D815C021626984006042C4;
			remoteInfo = 3DTouchTemplate;
		};
/* End PBXContainerItemProxy section */

/* Begin PBXFileReference section */
		33D815C121626984006042C4 /* 3DTouchTemplate.app */ = {isa = PBXFileReference; explicitFileType = wrapper.application; includeInIndex = 0; path = 3DTouchTemplate.app; sourceTree = BUILT_PRODUCTS_DIR; };
		33D815C421626984006042C4 /* AppDelegate.swift */ = {isa = PBXFileReference; lastKnownFileType = sourcecode.swift; path = AppDelegate.swift; sourceTree = "<group>"; };
		33D815C621626984006042C4 /* ViewController.swift */ = {isa = PBXFileReference; lastKnownFileType = sourcecode.swift; path = ViewController.swift; sourceTree = "<group>"; };
		33D815C921626984006042C4 /* Base */ = {isa = PBXFileReference; lastKnownFileType = file.storyboard; name = Base; path = Base.lproj/Main.storyboard; sourceTree = "<group>"; };
		33D815CB21626985006042C4 /* Assets.xcassets */ = {isa = PBXFileReference; lastKnownFileType = folder.assetcatalog; path = Assets.xcassets; sourceTree = "<group>"; };
		33D815CE21626985006042C4 /* Base */ = {isa = PBXFileReference; lastKnownFileType = file.storyboard; name = Base; path = Base.lproj/LaunchScreen.storyboard; sourceTree = "<group>"; };
		33D815D021626985006042C4 /* Info.plist */ = {isa = PBXFileReference; lastKnownFileType = text.plist.xml; path = Info.plist; sourceTree = "<group>"; };
		33D815D521626985006042C4 /* 3DTouchTemplateTests.xctest */ = {isa = PBXFileReference; explicitFileType = wrapper.cfbundle; includeInIndex = 0; path = 3DTouchTemplateTests.xctest; sourceTree = BUILT_PRODUCTS_DIR; };
		33D815D921626985006042C4 /* _DTouchTemplateTests.swift */ = {isa = PBXFileReference; lastKnownFileType = sourcecode.swift; path = _DTouchTemplateTests.swift; sourceTree = "<group>"; };
		33D815DB21626985006042C4 /* Info.plist */ = {isa = PBXFileReference; lastKnownFileType = text.plist.xml; path = Info.plist; sourceTree = "<group>"; };
		33D815E021626985006042C4 /* 3DTouchTemplateUITests.xctest */ = {isa = PBXFileReference; explicitFileType = wrapper.cfbundle; includeInIndex = 0; path = 3DTouchTemplateUITests.xctest; sourceTree = BUILT_PRODUCTS_DIR; };
		33D815E421626985006042C4 /* _DTouchTemplateUITests.swift */ = {isa = PBXFileReference; lastKnownFileType = sourcecode.swift; path = _DTouchTemplateUITests.swift; sourceTree = "<group>"; };
		33D815E621626985006042C4 /* Info.plist */ = {isa = PBXFileReference; lastKnownFileType = text.plist.xml; path = Info.plist; sourceTree = "<group>"; };
/* End PBXFileReference section */

/* Begin PBXFrameworksBuildPhase section */
		33D815BE21626984006042C4 /* Frameworks */ = {
			isa = PBXFrameworksBuildPhase;
			buildActionMask = 2147483647;
			files = (
			);
			runOnlyForDeploymentPostprocessing = 0;
		};
		33D815D221626985006042C4 /* Frameworks */ = {
			isa = PBXFrameworksBuildPhase;
			buildActionMask = 2147483647;
			files = (
			);
			runOnlyForDeploymentPostprocessing = 0;
		};
		33D815DD21626985006042C4 /* Frameworks */ = {
			isa = PBXFrameworksBuildPhase;
			buildActionMask = 2147483647;
			files = (
			);
			runOnlyForDeploymentPostprocessing = 0;
		};
/* End PBXFrameworksBuildPhase section */

/* Begin PBXGroup section */
		33D815B821626984006042C4 = {
			isa = PBXGroup;
			children = (
				33D815C321626984006042C4 /* 3DTouchTemplate */,
				33D815D821626985006042C4 /* 3DTouchTemplateTests */,
				33D815E321626985006042C4 /* 3DTouchTemplateUITests */,
				33D815C221626984006042C4 /* Products */,
			);
			sourceTree = "<group>";
		};
		33D815C221626984006042C4 /* Products */ = {
			isa = PBXGroup;
			children = (
				33D815C121626984006042C4 /* 3DTouchTemplate.app */,
				33D815D521626985006042C4 /* 3DTouchTemplateTests.xctest */,
				33D815E021626985006042C4 /* 3DTouchTemplateUITests.xctest */,
			);
			name = Products;
			sourceTree = "<group>";
		};
		33D815C321626984006042C4 /* 3DTouchTemplate */ = {
			isa = PBXGroup;
			children = (
				33D815C421626984006042C4 /* AppDelegate.swift */,
				33D815C621626984006042C4 /* ViewController.swift */,
				33D815C821626984006042C4 /* Main.storyboard */,
				33D815CB21626985006042C4 /* Assets.xcassets */,
				33D815CD21626985006042C4 /* LaunchScreen.storyboard */,
				33D815D021626985006042C4 /* Info.plist */,
			);
			path = 3DTouchTemplate;
			sourceTree = "<group>";
		};
		33D815D821626985006042C4 /* 3DTouchTemplateTests */ = {
			isa = PBXGroup;
			children = (
				33D815D921626985006042C4 /* _DTouchTemplateTests.swift */,
				33D815DB21626985006042C4 /* Info.plist */,
			);
			path = 3DTouchTemplateTests;
			sourceTree = "<group>";
		};
		33D815E321626985006042C4 /* 3DTouchTemplateUITests */ = {
			isa = PBXGroup;
			children = (
				33D815E421626985006042C4 /* _DTouchTemplateUITests.swift */,
				33D815E621626985006042C4 /* Info.plist */,
			);
			path = 3DTouchTemplateUITests;
			sourceTree = "<group>";
		};
/* End PBXGroup section */

/* Begin PBXNativeTarget section */
		33D815C021626984006042C4 /* 3DTouchTemplate */ = {
			isa = PBXNativeTarget;
			buildConfigurationList = 33D815E921626985006042C4 /* Build configuration list for PBXNativeTarget "3DTouchTemplate" */;
			buildPhases = (
				33D815BD21626984006042C4 /* Sources */,
				33D815BE21626984006042C4 /* Frameworks */,
				33D815BF21626984006042C4 /* Resources */,
			);
			buildRules = (
			);
			dependencies = (
			);
			name = 3DTouchTemplate;
			productName = 3DTouchTemplate;
			productReference = 33D815C121626984006042C4 /* 3DTouchTemplate.app */;
			productType = "com.apple.product-type.application";
		};
		33D815D421626985006042C4 /* 3DTouchTemplateTests */ = {
			isa = PBXNativeTarget;
			buildConfigurationList = 33D815EC21626985006042C4 /* Build configuration list for PBXNativeTarget "3DTouchTemplateTests" */;
			buildPhases = (
				33D815D121626985006042C4 /* Sources */,
				33D815D221626985006042C4 /* Frameworks */,
				33D815D321626985006042C4 /* Resources */,
			);
			buildRules = (
			);
			dependencies = (
				33D815D721626985006042C4 /* PBXTargetDependency */,
			);
			name = 3DTouchTemplateTests;
			productName = 3DTouchTemplateTests;
			productReference = 33D815D521626985006042C4 /* 3DTouchTemplateTests.xctest */;
			productType = "com.apple.product-type.bundle.unit-test";
		};
		33D815DF21626985006042C4 /* 3DTouchTemplateUITests */ = {
			isa = PBXNativeTarget;
			buildConfigurationList = 33D815EF21626985006042C4 /* Build configuration list for PBXNativeTarget "3DTouchTemplateUITests" */;
			buildPhases = (
				33D815DC21626985006042C4 /* Sources */,
				33D815DD21626985006042C4 /* Frameworks */,
				33D815DE21626985006042C4 /* Resources */,
			);
			buildRules = (
			);
			dependencies = (
				33D815E221626985006042C4 /* PBXTargetDependency */,
			);
			name = 3DTouchTemplateUITests;
			productName = 3DTouchTemplateUITests;
			productReference = 33D815E021626985006042C4 /* 3DTouchTemplateUITests.xctest */;
			productType = "com.apple.product-type.bundle.ui-testing";
		};
/* End PBXNativeTarget section */

/* Begin PBXProject section */
		33D815B921626984006042C4 /* Project object */ = {
			isa = PBXProject;
			attributes = {
				LastSwiftUpdateCheck = 1000;
				LastUpgradeCheck = 1000;
				ORGANIZATIONNAME = "Sandeep Kumar";
				TargetAttributes = {
					33D815C021626984006042C4 = {
						CreatedOnToolsVersion = 10.0;
					};
					33D815D421626985006042C4 = {
						CreatedOnToolsVersion = 10.0;
						TestTargetID = 33D815C021626984006042C4;
					};
					33D815DF21626985006042C4 = {
						CreatedOnToolsVersion = 10.0;
						TestTargetID = 33D815C021626984006042C4;
					};
				};
			};
			buildConfigurationList = 33D815BC21626984006042C4 /* Build configuration list for PBXProject "3DTouchTemplate" */;
			compatibilityVersion = "Xcode 9.3";
			developmentRegion = en;
			hasScannedForEncodings = 0;
			knownRegions = (
				en,
				Base,
			);
			mainGroup = 33D815B821626984006042C4;
			productRefGroup = 33D815C221626984006042C4 /* Products */;
			projectDirPath = "";
			projectRoot = "";
			targets = (
				33D815C021626984006042C4 /* 3DTouchTemplate */,
				33D815D421626985006042C4 /* 3DTouchTemplateTests */,
				33D815DF21626985006042C4 /* 3DTouchTemplateUITests */,
			);
		};
/* End PBXProject section */

/* Begin PBXResourcesBuildPhase section */
		33D815BF21626984006042C4 /* Resources */ = {
			isa = PBXResourcesBuildPhase;
			buildActionMask = 2147483647;
			files = (
				33D815CF21626985006042C4 /* LaunchScreen.storyboard in Resources */,
				33D815CC21626985006042C4 /* Assets.xcassets in Resources */,
				33D815CA21626984006042C4 /* Main.storyboard in Resources */,
			);
			runOnlyForDeploymentPostprocessing = 0;
		};
		33D815D321626985006042C4 /* Resources */ = {
			isa = PBXResourcesBuildPhase;
			buildActionMask = 2147483647;
			files = (
			);
			runOnlyForDeploymentPostprocessing = 0;
		};
		33D815DE21626985006042C4 /* Resources */ = {
			isa = PBXResourcesBuildPhase;
			buildActionMask = 2147483647;
			files = (
			);
			runOnlyForDeploymentPostprocessing = 0;
		};
/* End PBXResourcesBuildPhase section */

/* Begin PBXSourcesBuildPhase section */
		33D815BD21626984006042C4 /* Sources */ = {
			isa = PBXSourcesBuildPhase;
			buildActionMask = 2147483647;
			files = (
				33D815C721626984006042C4 /* ViewController.swift in Sources */,
				33D815C521626984006042C4 /* AppDelegate.swift in Sources */,
			);
			runOnlyForDeploymentPostprocessing = 0;
		};
		33D815D121626985006042C4 /* Sources */ = {
			isa = PBXSourcesBuildPhase;
			buildActionMask = 2147483647;
			files = (
				33D815DA21626985006042C4 /* _DTouchTemplateTests.swift in Sources */,
			);
			runOnlyForDeploymentPostprocessing = 0;
		};
		33D815DC21626985006042C4 /* Sources */ = {
			isa = PBXSourcesBuildPhase;
			buildActionMask = 2147483647;
			files = (
				33D815E521626985006042C4 /* _DTouchTemplateUITests.swift in Sources */,
			);
			runOnlyForDeploymentPostprocessing = 0;
		};
/* End PBXSourcesBuildPhase section */

/* Begin PBXTargetDependency section */
		33D815D721626985006042C4 /* PBXTargetDependency */ = {
			isa = PBXTargetDependency;
			target = 33D815C021626984006042C4 /* 3DTouchTemplate */;
			targetProxy = 33D815D621626985006042C4 /* PBXContainerItemProxy */;
		};
		33D815E221626985006042C4 /* PBXTargetDependency */ = {
			isa = PBXTargetDependency;
			target = 33D815C021626984006042C4 /* 3DTouchTemplate */;
			targetProxy = 33D815E121626985006042C4 /* PBXContainerItemProxy */;
		};
/* End PBXTargetDependency section */

/* Begin PBXVariantGroup section */
		33D815C821626984006042C4 /* Main.storyboard */ = {
			isa = PBXVariantGroup;
			children = (
				33D815C921626984006042C4 /* Base */,
			);
			name = Main.storyboard;
			sourceTree = "<group>";
		};
		33D815CD21626985006042C4 /* LaunchScreen.storyboard */ = {
			isa = PBXVariantGroup;
			children = (
				33D815CE21626985006042C4 /* Base */,
			);
			name = LaunchScreen.storyboard;
			sourceTree = "<group>";
		};
/* End PBXVariantGroup section */

/* Begin XCBuildConfiguration section */
		33D815E721626985006042C4 /* Debug */ = {
			isa = XCBuildConfiguration;
			buildSettings = {
				ALWAYS_SEARCH_USER_PATHS = NO;
				CLANG_ANALYZER_NONNULL = YES;
				CLANG_ANALYZER_NUMBER_OBJECT_CONVERSION = YES_AGGRESSIVE;
				CLANG_CXX_LANGUAGE_STANDARD = "gnu++14";
				CLANG_CXX_LIBRARY = "libc++";
				CLANG_ENABLE_MODULES = YES;
				CLANG_ENABLE_OBJC_ARC = YES;
				CLANG_ENABLE_OBJC_WEAK = YES;
				CLANG_WARN_BLOCK_CAPTURE_AUTORELEASING = YES;
				CLANG_WARN_BOOL_CONVERSION = YES;
				CLANG_WARN_COMMA = YES;
				CLANG_WARN_CONSTANT_CONVERSION = YES;
				CLANG_WARN_DEPRECATED_OBJC_IMPLEMENTATIONS = YES;
				CLANG_WARN_DIRECT_OBJC_ISA_USAGE = YES_ERROR;
				CLANG_WARN_DOCUMENTATION_COMMENTS = YES;
				CLANG_WARN_EMPTY_BODY = YES;
				CLANG_WARN_ENUM_CONVERSION = YES;
				CLANG_WARN_INFINITE_RECURSION = YES;
				CLANG_WARN_INT_CONVERSION = YES;
				CLANG_WARN_NON_LITERAL_NULL_CONVERSION = YES;
				CLANG_WARN_OBJC_IMPLICIT_RETAIN_SELF = YES;
				CLANG_WARN_OBJC_LITERAL_CONVERSION = YES;
				CLANG_WARN_OBJC_ROOT_CLASS = YES_ERROR;
				CLANG_WARN_RANGE_LOOP_ANALYSIS = YES;
				CLANG_WARN_STRICT_PROTOTYPES = YES;
				CLANG_WARN_SUSPICIOUS_MOVE = YES;
				CLANG_WARN_UNGUARDED_AVAILABILITY = YES_AGGRESSIVE;
				CLANG_WARN_UNREACHABLE_CODE = YES;
				CLANG_WARN__DUPLICATE_METHOD_MATCH = YES;
				CODE_SIGN_IDENTITY = "iPhone Developer";
				COPY_PHASE_STRIP = NO;
				DEBUG_INFORMATION_FORMAT = dwarf;
				ENABLE_STRICT_OBJC_MSGSEND = YES;
				ENABLE_TESTABILITY = YES;
				GCC_C_LANGUAGE_STANDARD = gnu11;
				GCC_DYNAMIC_NO_PIC = NO;
				GCC_NO_COMMON_BLOCKS = YES;
				GCC_OPTIMIZATION_LEVEL = 0;
				GCC_PREPROCESSOR_DEFINITIONS = (
					"DEBUG=1",
					"$(inherited)",
				);
				GCC_WARN_64_TO_32_BIT_CONVERSION = YES;
				GCC_WARN_ABOUT_RETURN_TYPE = YES_ERROR;
				GCC_WARN_UNDECLARED_SELECTOR = YES;
				GCC_WARN_UNINITIALIZED_AUTOS = YES_AGGRESSIVE;
				GCC_WARN_UNUSED_FUNCTION = YES;
				GCC_WARN_UNUSED_VARIABLE = YES;
				IPHONEOS_DEPLOYMENT_TARGET = 12.0;
				MTL_ENABLE_DEBUG_INFO = INCLUDE_SOURCE;
				MTL_FAST_MATH = YES;
				ONLY_ACTIVE_ARCH = YES;
				SDKROOT = iphoneos;
				SWIFT_ACTIVE_COMPILATION_CONDITIONS = DEBUG;
				SWIFT_OPTIMIZATION_LEVEL = "-Onone";
			};
			name = Debug;
		};
		33D815E821626985006042C4 /* Release */ = {
			isa = XCBuildConfiguration;
			buildSettings = {
				ALWAYS_SEARCH_USER_PATHS = NO;
				CLANG_ANALYZER_NONNULL = YES;
				CLANG_ANALYZER_NUMBER_OBJECT_CONVERSION = YES_AGGRESSIVE;
				CLANG_CXX_LANGUAGE_STANDARD = "gnu++14";
				CLANG_CXX_LIBRARY = "libc++";
				CLANG_ENABLE_MODULES = YES;
				CLANG_ENABLE_OBJC_ARC = YES;
				CLANG_ENABLE_OBJC_WEAK = YES;
				CLANG_WARN_BLOCK_CAPTURE_AUTORELEASING = YES;
				CLANG_WARN_BOOL_CONVERSION = YES;
				CLANG_WARN_COMMA = YES;
				CLANG_WARN_CONSTANT_CONVERSION = YES;
				CLANG_WARN_DEPRECATED_OBJC_IMPLEMENTATIONS = YES;
				CLANG_WARN_DIRECT_OBJC_ISA_USAGE = YES_ERROR;
				CLANG_WARN_DOCUMENTATION_COMMENTS = YES;
				CLANG_WARN_EMPTY_BODY = YES;
				CLANG_WARN_ENUM_CONVERSION = YES;
				CLANG_WARN_INFINITE_RECURSION = YES;
				CLANG_WARN_INT_CONVERSION = YES;
				CLANG_WARN_NON_LITERAL_NULL_CONVERSION = YES;
				CLANG_WARN_OBJC_IMPLICIT_RETAIN_SELF = YES;
				CLANG_WARN_OBJC_LITERAL_CONVERSION = YES;
				CLANG_WARN_OBJC_ROOT_CLASS = YES_ERROR;
				CLANG_WARN_RANGE_LOOP_ANALYSIS = YES;
				CLANG_WARN_STRICT_PROTOTYPES = YES;
				CLANG_WARN_SUSPICIOUS_MOVE = YES;
				CLANG_WARN_UNGUARDED_AVAILABILITY = YES_AGGRESSIVE;
				CLANG_WARN_UNREACHABLE_CODE = YES;
				CLANG_WARN__DUPLICATE_METHOD_MATCH = YES;
				CODE_SIGN_IDENTITY = "iPhone Developer";
				COPY_PHASE_STRIP = NO;
				DEBUG_INFORMATION_FORMAT = "dwarf-with-dsym";
				ENABLE_NS_ASSERTIONS = NO;
				ENABLE_STRICT_OBJC_MSGSEND = YES;
				GCC_C_LANGUAGE_STANDARD = gnu11;
				GCC_NO_COMMON_BLOCKS = YES;
				GCC_WARN_64_TO_32_BIT_CONVERSION = YES;
				GCC_WARN_ABOUT_RETURN_TYPE = YES_ERROR;
				GCC_WARN_UNDECLARED_SELECTOR = YES;
				GCC_WARN_UNINITIALIZED_AUTOS = YES_AGGRESSIVE;
				GCC_WARN_UNUSED_FUNCTION = YES;
				GCC_WARN_UNUSED_VARIABLE = YES;
				IPHONEOS_DEPLOYMENT_TARGET = 12.0;
				MTL_ENABLE_DEBUG_INFO = NO;
				MTL_FAST_MATH = YES;
				SDKROOT = iphoneos;
				SWIFT_COMPILATION_MODE = wholemodule;
				SWIFT_OPTIMIZATION_LEVEL = "-O";
				VALIDATE_PRODUCT = YES;
			};
			name = Release;
		};
		33D815EA21626985006042C4 /* Debug */ = {
			isa = XCBuildConfiguration;
			buildSettings = {
				ASSETCATALOG_COMPILER_APPICON_NAME = AppIcon;
				CODE_SIGN_STYLE = Automatic;
				INFOPLIST_FILE = 3DTouchTemplate/Info.plist;
				LD_RUNPATH_SEARCH_PATHS = (
					"$(inherited)",
					"@executable_path/Frameworks",
				);
				PRODUCT_BUNDLE_IDENTIFIER = "com.3dtouch.sandshell.-DTouchTemplate";
				PRODUCT_NAME = "$(TARGET_NAME)";
				SWIFT_VERSION = 4.2;
				TARGETED_DEVICE_FAMILY = "1,2";
			};
			name = Debug;
		};
		33D815EB21626985006042C4 /* Release */ = {
			isa = XCBuildConfiguration;
			buildSettings = {
				ASSETCATALOG_COMPILER_APPICON_NAME = AppIcon;
				CODE_SIGN_STYLE = Automatic;
				INFOPLIST_FILE = 3DTouchTemplate/Info.plist;
				LD_RUNPATH_SEARCH_PATHS = (
					"$(inherited)",
					"@executable_path/Frameworks",
				);
				PRODUCT_BUNDLE_IDENTIFIER = "com.3dtouch.sandshell.-DTouchTemplate";
				PRODUCT_NAME = "$(TARGET_NAME)";
				SWIFT_VERSION = 4.2;
				TARGETED_DEVICE_FAMILY = "1,2";
			};
			name = Release;
		};
		33D815ED21626985006042C4 /* Debug */ = {
			isa = XCBuildConfiguration;
			buildSettings = {
				ALWAYS_EMBED_SWIFT_STANDARD_LIBRARIES = YES;
				BUNDLE_LOADER = "$(TEST_HOST)";
				CODE_SIGN_STYLE = Automatic;
				INFOPLIST_FILE = 3DTouchTemplateTests/Info.plist;
				LD_RUNPATH_SEARCH_PATHS = (
					"$(inherited)",
					"@executable_path/Frameworks",
					"@loader_path/Frameworks",
				);
				PRODUCT_BUNDLE_IDENTIFIER = "com.3dtouch.sandshell.-DTouchTemplateTests";
				PRODUCT_NAME = "$(TARGET_NAME)";
				SWIFT_VERSION = 4.2;
				TARGETED_DEVICE_FAMILY = "1,2";
				TEST_HOST = "$(BUILT_PRODUCTS_DIR)/3DTouchTemplate.app/3DTouchTemplate";
			};
			name = Debug;
		};
		33D815EE21626985006042C4 /* Release */ = {
			isa = XCBuildConfiguration;
			buildSettings = {
				ALWAYS_EMBED_SWIFT_STANDARD_LIBRARIES = YES;
				BUNDLE_LOADER = "$(TEST_HOST)";
				CODE_SIGN_STYLE = Automatic;
				INFOPLIST_FILE = 3DTouchTemplateTests/Info.plist;
				LD_RUNPATH_SEARCH_PATHS = (
					"$(inherited)",
					"@executable_path/Frameworks",
					"@loader_path/Frameworks",
				);
				PRODUCT_BUNDLE_IDENTIFIER = "com.3dtouch.sandshell.-DTouchTemplateTests";
				PRODUCT_NAME = "$(TARGET_NAME)";
				SWIFT_VERSION = 4.2;
				TARGETED_DEVICE_FAMILY = "1,2";
				TEST_HOST = "$(BUILT_PRODUCTS_DIR)/3DTouchTemplate.app/3DTouchTemplate";
			};
			name = Release;
		};
		33D815F021626985006042C4 /* Debug */ = {
			isa = XCBuildConfiguration;
			buildSettings = {
				ALWAYS_EMBED_SWIFT_STANDARD_LIBRARIES = YES;
				CODE_SIGN_STYLE = Automatic;
				INFOPLIST_FILE = 3DTouchTemplateUITests/Info.plist;
				LD_RUNPATH_SEARCH_PATHS = (
					"$(inherited)",
					"@executable_path/Frameworks",
					"@loader_path/Frameworks",
				);
				PRODUCT_BUNDLE_IDENTIFIER = "com.3dtouch.sandshell.-DTouchTemplateUITests";
				PRODUCT_NAME = "$(TARGET_NAME)";
				SWIFT_VERSION = 4.2;
				TARGETED_DEVICE_FAMILY = "1,2";
				TEST_TARGET_NAME = 3DTouchTemplate;
			};
			name = Debug;
		};
		33D815F121626985006042C4 /* Release */ = {
			isa = XCBuildConfiguration;
			buildSettings = {
				ALWAYS_EMBED_SWIFT_STANDARD_LIBRARIES = YES;
				CODE_SIGN_STYLE = Automatic;
				INFOPLIST_FILE = 3DTouchTemplateUITests/Info.plist;
				LD_RUNPATH_SEARCH_PATHS = (
					"$(inherited)",
					"@executable_path/Frameworks",
					"@loader_path/Frameworks",
				);
				PRODUCT_BUNDLE_IDENTIFIER = "com.3dtouch.sandshell.-DTouchTemplateUITests";
				PRODUCT_NAME = "$(TARGET_NAME)";
				SWIFT_VERSION = 4.2;
				TARGETED_DEVICE_FAMILY = "1,2";
				TEST_TARGET_NAME = 3DTouchTemplate;
			};
			name = Release;
		};
/* End XCBuildConfiguration section */

/* Begin XCConfigurationList section */
		33D815BC21626984006042C4 /* Build configuration list for PBXProject "3DTouchTemplate" */ = {
			isa = XCConfigurationList;
			buildConfigurations = (
				33D815E721626985006042C4 /* Debug */,
				33D815E821626985006042C4 /* Release */,
			);
			defaultConfigurationIsVisible = 0;
			defaultConfigurationName = Release;
		};
		33D815E921626985006042C4 /* Build configuration list for PBXNativeTarget "3DTouchTemplate" */ = {
			isa = XCConfigurationList;
			buildConfigurations = (
				33D815EA21626985006042C4 /* Debug */,
				33D815EB21626985006042C4 /* Release */,
			);
			defaultConfigurationIsVisible = 0;
			defaultConfigurationName = Release;
		};
		33D815EC21626985006042C4 /* Build configuration list for PBXNativeTarget "3DTouchTemplateTests" */ = {
			isa = XCConfigurationList;
			buildConfigurations = (
				33D815ED21626985006042C4 /* Debug */,
				33D815EE21626985006042C4 /* Release */,
			);
			defaultConfigurationIsVisible = 0;
			defaultConfigurationName = Release;
		};
		33D815EF21626985006042C4 /* Build configuration list for PBXNativeTarget "3DTouchTemplateUITests" */ = {
			isa = XCConfigurationList;
			buildConfigurations = (
				33D815F021626985006042C4 /* Debug */,
				33D815F121626985006042C4 /* Release */,
			);
			defaultConfigurationIsVisible = 0;
			defaultConfigurationName = Release;
		};
/* End XCConfigurationList section */
	};
	rootObject = 33D815B921626984006042C4 /* Project object */;
}
